
Microsoft Visual Studio Solution File, Format Version 12.00
# Visual Studio 15
VisualStudioVersion = 15.0.25807.0
MinimumVisualStudioVersion = 10.0.40219.1
Project("{2150E333-8FDC-42A3-9474-1A3956D46DE8}") = "Engine", "Engine", "{2805C132-0DF4-492B-99B1-D1E827C990D9}"
EndProject
Project("{2150E333-8FDC-42A3-9474-1A3956D46DE8}") = "Games", "Games", "{A1E1E61A-8539-4D5D-8E3F-F7FD570C7D38}"
EndProject
Project("{8BC9CEB8-8B4A-11D0-8D11-00A0C91BC942}") = "UE4", "Intermediate\ProjectFiles\UE4.vcxproj", "{4E327463-170C-4AC2-ACEA-B1CE1042B930}"
EndProject
Project("{8BC9CEB8-8B4A-11D0-8D11-00A0C91BC942}") = "Honk", "Intermediate\ProjectFiles\Honk.vcxproj", "{A6EA2635-BAC1-422D-9DA9-C313B5182157}"
EndProject
Project("{2150E333-8FDC-42A3-9474-1A3956D46DE8}") = "Visualizers", "Visualizers", "{8715FE9E-4DED-4087-BBAF-68F237ADF026}"
	ProjectSection(SolutionItems) = preProject
		C:\Program Files\Epic Games\UE_4.24\Engine\Extras\VisualStudioDebugging\UE4.natvis = C:\Program Files\Epic Games\UE_4.24\Engine\Extras\VisualStudioDebugging\UE4.natvis
	EndProjectSection
EndProject
Global
	GlobalSection(SolutionConfigurationPlatforms) = preSolution
		DebugGame Editor|Win32 = DebugGame Editor|Win32
		DebugGame Editor|Win64 = DebugGame Editor|Win64
		DebugGame|Win32 = DebugGame|Win32
		DebugGame|Win64 = DebugGame|Win64
		Development Editor|Win32 = Development Editor|Win32
		Development Editor|Win64 = Development Editor|Win64
		Development|Win32 = Development|Win32
		Development|Win64 = Development|Win64
		Shipping|Win32 = Shipping|Win32
		Shipping|Win64 = Shipping|Win64
	EndGlobalSection
	GlobalSection(ProjectConfigurationPlatforms) = postSolution
		{4E327463-170C-4AC2-ACEA-B1CE1042B930}.DebugGame Editor|Win32.ActiveCfg = BuiltWithUnrealBuildTool|Win32
		{4E327463-170C-4AC2-ACEA-B1CE1042B930}.DebugGame Editor|Win64.ActiveCfg = BuiltWithUnrealBuildTool|Win32
		{4E327463-170C-4AC2-ACEA-B1CE1042B930}.DebugGame|Win32.ActiveCfg = BuiltWithUnrealBuildTool|Win32
		{4E327463-170C-4AC2-ACEA-B1CE1042B930}.DebugGame|Win64.ActiveCfg = BuiltWithUnrealBuildTool|Win32
		{4E327463-170C-4AC2-ACEA-B1CE1042B930}.Development Editor|Win32.ActiveCfg = BuiltWithUnrealBuildTool|Win32
		{4E327463-170C-4AC2-ACEA-B1CE1042B930}.Development Editor|Win64.ActiveCfg = BuiltWithUnrealBuildTool|Win32
		{4E327463-170C-4AC2-ACEA-B1CE1042B930}.Development|Win32.ActiveCfg = BuiltWithUnrealBuildTool|Win32
		{4E327463-170C-4AC2-ACEA-B1CE1042B930}.Development|Win64.ActiveCfg = BuiltWithUnrealBuildTool|Win32
		{4E327463-170C-4AC2-ACEA-B1CE1042B930}.Shipping|Win32.ActiveCfg = BuiltWithUnrealBuildTool|Win32
		{4E327463-170C-4AC2-ACEA-B1CE1042B930}.Shipping|Win64.ActiveCfg = BuiltWithUnrealBuildTool|Win32
		{A6EA2635-BAC1-422D-9DA9-C313B5182157}.DebugGame Editor|Win32.ActiveCfg = Invalid|Win32
		{A6EA2635-BAC1-422D-9DA9-C313B5182157}.DebugGame Editor|Win64.ActiveCfg = DebugGame_Editor|x64
		{A6EA2635-BAC1-422D-9DA9-C313B5182157}.DebugGame Editor|Win64.Build.0 = DebugGame_Editor|x64
		{A6EA2635-BAC1-422D-9DA9-C313B5182157}.DebugGame|Win32.ActiveCfg = DebugGame|Win32
		{A6EA2635-BAC1-422D-9DA9-C313B5182157}.DebugGame|Win32.Build.0 = DebugGame|Win32
		{A6EA2635-BAC1-422D-9DA9-C313B5182157}.DebugGame|Win64.ActiveCfg = DebugGame|x64
		{A6EA2635-BAC1-422D-9DA9-C313B5182157}.DebugGame|Win64.Build.0 = DebugGame|x64
		{A6EA2635-BAC1-422D-9DA9-C313B5182157}.Development Editor|Win32.ActiveCfg = Invalid|Win32
		{A6EA2635-BAC1-422D-9DA9-C313B5182157}.Development Editor|Win64.ActiveCfg = Development_Editor|x64
		{A6EA2635-BAC1-422D-9DA9-C313B5182157}.Development Editor|Win64.Build.0 = Development_Editor|x64
		{A6EA2635-BAC1-422D-9DA9-C313B5182157}.Development|Win32.ActiveCfg = Development|Win32
		{A6EA2635-BAC1-422D-9DA9-C313B5182157}.Development|Win32.Build.0 = Development|Win32
		{A6EA2635-BAC1-422D-9DA9-C313B5182157}.Development|Win64.ActiveCfg = Development|x64
		{A6EA2635-BAC1-422D-9DA9-C313B5182157}.Development|Win64.Build.0 = Development|x64
		{A6EA2635-BAC1-422D-9DA9-C313B5182157}.Shipping|Win32.ActiveCfg = Shipping|Win32
		{A6EA2635-BAC1-422D-9DA9-C313B5182157}.Shipping|Win32.Build.0 = Shipping|Win32
		{A6EA2635-BAC1-422D-9DA9-C313B5182157}.Shipping|Win64.ActiveCfg = Shipping|x64
		{A6EA2635-BAC1-422D-9DA9-C313B5182157}.Shipping|Win64.Build.0 = Shipping|x64
	EndGlobalSection
	GlobalSection(SolutionProperties) = preSolution
		HideSolutionNode = FALSE
	EndGlobalSection
	GlobalSection(NestedProjects) = preSolution
		{4E327463-170C-4AC2-ACEA-B1CE1042B930} = {2805C132-0DF4-492B-99B1-D1E827C990D9}
		{A6EA2635-BAC1-422D-9DA9-C313B5182157} = {A1E1E61A-8539-4D5D-8E3F-F7FD570C7D38}
	EndGlobalSection
EndGlobal
