
Microsoft Visual Studio Solution File, Format Version 12.00
# Visual Studio 15
VisualStudioVersion = 15.0.25807.0
MinimumVisualStudioVersion = 10.0.40219.1
Project("{2150E333-8FDC-42A3-9474-1A3956D46DE8}") = "Engine", "Engine", "{AA30AE81-5E6C-4127-A443-C8745ECB3FDF}"
EndProject
Project("{2150E333-8FDC-42A3-9474-1A3956D46DE8}") = "Games", "Games", "{A54E4733-FFC0-4AC6-8442-694D9F9D44A0}"
EndProject
Project("{8BC9CEB8-8B4A-11D0-8D11-00A0C91BC942}") = "UE4", "Intermediate\ProjectFiles\UE4.vcxproj", "{28679959-A677-40AC-96D7-0AC26D3F482A}"
EndProject
Project("{8BC9CEB8-8B4A-11D0-8D11-00A0C91BC942}") = "Honk", "Intermediate\ProjectFiles\Honk.vcxproj", "{A89B5F49-8154-4980-B9AF-8F98406DF405}"
EndProject
Project("{2150E333-8FDC-42A3-9474-1A3956D46DE8}") = "Visualizers", "Visualizers", "{E51821B8-97DA-46B2-9D9A-E0165965BB18}"
	ProjectSection(SolutionItems) = preProject
		C:\Program Files\Epic Games\UE_4.24\Engine\Extras\VisualStudioDebugging\UE4.natvis = C:\Program Files\Epic Games\UE_4.24\Engine\Extras\VisualStudioDebugging\UE4.natvis
	EndProjectSection
EndProject
Global
	GlobalSection(SolutionConfigurationPlatforms) = preSolution
		DebugGame Editor|Win32 = DebugGame Editor|Win32
		DebugGame Editor|Win64 = DebugGame Editor|Win64
		DebugGame|Win32 = DebugGame|Win32
		DebugGame|Win64 = DebugGame|Win64
		Development Editor|Win32 = Development Editor|Win32
		Development Editor|Win64 = Development Editor|Win64
		Development|Win32 = Development|Win32
		Development|Win64 = Development|Win64
		Shipping|Win32 = Shipping|Win32
		Shipping|Win64 = Shipping|Win64
	EndGlobalSection
	GlobalSection(ProjectConfigurationPlatforms) = postSolution
		{28679959-A677-40AC-96D7-0AC26D3F482A}.DebugGame Editor|Win32.ActiveCfg = BuiltWithUnrealBuildTool|Win32
		{28679959-A677-40AC-96D7-0AC26D3F482A}.DebugGame Editor|Win64.ActiveCfg = BuiltWithUnrealBuildTool|Win32
		{28679959-A677-40AC-96D7-0AC26D3F482A}.DebugGame|Win32.ActiveCfg = BuiltWithUnrealBuildTool|Win32
		{28679959-A677-40AC-96D7-0AC26D3F482A}.DebugGame|Win64.ActiveCfg = BuiltWithUnrealBuildTool|Win32
		{28679959-A677-40AC-96D7-0AC26D3F482A}.Development Editor|Win32.ActiveCfg = BuiltWithUnrealBuildTool|Win32
		{28679959-A677-40AC-96D7-0AC26D3F482A}.Development Editor|Win64.ActiveCfg = BuiltWithUnrealBuildTool|Win32
		{28679959-A677-40AC-96D7-0AC26D3F482A}.Development|Win32.ActiveCfg = BuiltWithUnrealBuildTool|Win32
		{28679959-A677-40AC-96D7-0AC26D3F482A}.Development|Win64.ActiveCfg = BuiltWithUnrealBuildTool|Win32
		{28679959-A677-40AC-96D7-0AC26D3F482A}.Shipping|Win32.ActiveCfg = BuiltWithUnrealBuildTool|Win32
		{28679959-A677-40AC-96D7-0AC26D3F482A}.Shipping|Win64.ActiveCfg = BuiltWithUnrealBuildTool|Win32
		{A89B5F49-8154-4980-B9AF-8F98406DF405}.DebugGame Editor|Win32.ActiveCfg = Invalid|Win32
		{A89B5F49-8154-4980-B9AF-8F98406DF405}.DebugGame Editor|Win64.ActiveCfg = DebugGame_Editor|x64
		{A89B5F49-8154-4980-B9AF-8F98406DF405}.DebugGame Editor|Win64.Build.0 = DebugGame_Editor|x64
		{A89B5F49-8154-4980-B9AF-8F98406DF405}.DebugGame|Win32.ActiveCfg = DebugGame|Win32
		{A89B5F49-8154-4980-B9AF-8F98406DF405}.DebugGame|Win32.Build.0 = DebugGame|Win32
		{A89B5F49-8154-4980-B9AF-8F98406DF405}.DebugGame|Win64.ActiveCfg = DebugGame|x64
		{A89B5F49-8154-4980-B9AF-8F98406DF405}.DebugGame|Win64.Build.0 = DebugGame|x64
		{A89B5F49-8154-4980-B9AF-8F98406DF405}.Development Editor|Win32.ActiveCfg = Invalid|Win32
		{A89B5F49-8154-4980-B9AF-8F98406DF405}.Development Editor|Win64.ActiveCfg = Development_Editor|x64
		{A89B5F49-8154-4980-B9AF-8F98406DF405}.Development Editor|Win64.Build.0 = Development_Editor|x64
		{A89B5F49-8154-4980-B9AF-8F98406DF405}.Development|Win32.ActiveCfg = Development|Win32
		{A89B5F49-8154-4980-B9AF-8F98406DF405}.Development|Win32.Build.0 = Development|Win32
		{A89B5F49-8154-4980-B9AF-8F98406DF405}.Development|Win64.ActiveCfg = Development|x64
		{A89B5F49-8154-4980-B9AF-8F98406DF405}.Development|Win64.Build.0 = Development|x64
		{A89B5F49-8154-4980-B9AF-8F98406DF405}.Shipping|Win32.ActiveCfg = Shipping|Win32
		{A89B5F49-8154-4980-B9AF-8F98406DF405}.Shipping|Win32.Build.0 = Shipping|Win32
		{A89B5F49-8154-4980-B9AF-8F98406DF405}.Shipping|Win64.ActiveCfg = Shipping|x64
		{A89B5F49-8154-4980-B9AF-8F98406DF405}.Shipping|Win64.Build.0 = Shipping|x64
	EndGlobalSection
	GlobalSection(SolutionProperties) = preSolution
		HideSolutionNode = FALSE
	EndGlobalSection
	GlobalSection(NestedProjects) = preSolution
		{28679959-A677-40AC-96D7-0AC26D3F482A} = {AA30AE81-5E6C-4127-A443-C8745ECB3FDF}
		{A89B5F49-8154-4980-B9AF-8F98406DF405} = {A54E4733-FFC0-4AC6-8442-694D9F9D44A0}
	EndGlobalSection
EndGlobal
